github.com/bunniesnu/go-gmailnator v1.0.0 h1:D6NosgrX4Oxf6X0yNvU8Jm2on63MDGzPr4X0RxjINQA=
github.com/bunniesnu/go-gmailnator v1.0.0/go.mod h1:aqxTRl+A7EiMRTwnjiAPDtzhPe+hNs6nlWxnCHqKye0=
github.com/bunniesnu/gocaptcha v1.0.0 h1:1kFA9um3EHpX6A+zCVYkisi+FOThfWE7nbAMKswIhsc=
github.com/bunniesnu/gocaptcha v1.0.0/go.mod h1:AQDtSbNtmVaOZgzOJ/BMsvfauWphfpZCweGjXqQEwM4=
